gitlab.devtools.intel.com/sst/isecl/lib/common v0.0.0-20181217194442-de4737cfcf42 h1:tsD4u+iH2vnmXWExwZUmGIL3dIrtF/cAwUfkFCoMiSI=
gitlab.devtools.intel.com/sst/isecl/lib/common v0.0.0-20181217194442-de4737cfcf42/go.mod h1:QoBuIKg0Olk/c0420oq1X87FqNfzduAA38tFMqDRU+8=
gitlab.devtools.intel.com/sst/isecl/lib/common v0.0.0-20181217195019-751883e9f009 h1:07LO3ZV6krrUHw/6G6YLS1YRUcXXA+vRXpeZ+Cq4Kp8=
gitlab.devtools.intel.com/sst/isecl/lib/common v0.0.0-20181217195019-751883e9f009/go.mod h1:QoBuIKg0Olk/c0420oq1X87FqNfzduAA38tFMqDRU+8=
gitlab.devtools.intel.com/sst/isecl/lib/common v0.0.0-20181217195332-9f4e8677ff28 h1:oKzk8mY3ZRDxXloaoxn7GutrIlVoPT8tRJ6CWutPFWM=
gitlab.devtools.intel.com/sst/isecl/lib/common v0.0.0-20181217195332-9f4e8677ff28/go.mod h1:QoBuIKg0Olk/c0420oq1X87FqNfzduAA38tFMqDRU+8=
